// !$*UTF8*$!
{
	archiveVersion = 1;
	classes = {
	};
	objectVersion = 50;
	objects = {

/* Begin PBXBuildFile section */
		4B67C7FB2610FF0B00F8A297 /* AppDelegate.swift in Sources */ = {isa = PBXBuildFile; fileRef = 4B67C7FA2610FF0B00F8A297 /* AppDelegate.swift */; };
		4B67C7FD2610FF0B00F8A297 /* SceneDelegate.swift in Sources */ = {isa = PBXBuildFile; fileRef = 4B67C7FC2610FF0B00F8A297 /* SceneDelegate.swift */; };
		4B67C8022610FF0B00F8A297 /* Main.storyboard in Resources */ = {isa = PBXBuildFile; fileRef = 4B67C8002610FF0B00F8A297 /* Main.storyboard */; };
		4B67C8042610FF0C00F8A297 /* Assets.xcassets in Resources */ = {isa = PBXBuildFile; fileRef = 4B67C8032610FF0C00F8A297 /* Assets.xcassets */; };
		4B67C8072610FF0C00F8A297 /* LaunchScreen.storyboard in Resources */ = {isa = PBXBuildFile; fileRef = 4B67C8052610FF0C00F8A297 /* LaunchScreen.storyboard */; };
		4B67C8122611006800F8A297 /* TableViewController.swift in Sources */ = {isa = PBXBuildFile; fileRef = 4B67C8112611006800F8A297 /* TableViewController.swift */; };
		4B67C8172611019A00F8A297 /* Model.swift in Sources */ = {isa = PBXBuildFile; fileRef = 4B67C8162611019A00F8A297 /* Model.swift */; };
		4B67C81A261101AB00F8A297 /* EMPLEADOS.json in Resources */ = {isa = PBXBuildFile; fileRef = 4B67C819261101AB00F8A297 /* EMPLEADOS.json */; };
		4B67C81E26110B8900F8A297 /* DetailTableViewController.swift in Sources */ = {isa = PBXBuildFile; fileRef = 4B67C81D26110B8900F8A297 /* DetailTableViewController.swift */; };
/* End PBXBuildFile section */

/* Begin PBXFileReference section */
		4B67C7F72610FF0B00F8A297 /* MVCBestPractices.app */ = {isa = PBXFileReference; explicitFileType = wrapper.application; includeInIndex = 0; path = MVCBestPractices.app; sourceTree = BUILT_PRODUCTS_DIR; };
		4B67C7FA2610FF0B00F8A297 /* AppDelegate.swift */ = {isa = PBXFileReference; lastKnownFileType = sourcecode.swift; path = AppDelegate.swift; sourceTree = "<group>"; };
		4B67C7FC2610FF0B00F8A297 /* SceneDelegate.swift */ = {isa = PBXFileReference; lastKnownFileType = sourcecode.swift; path = SceneDelegate.swift; sourceTree = "<group>"; };
		4B67C8012610FF0B00F8A297 /* Base */ = {isa = PBXFileReference; lastKnownFileType = file.storyboard; name = Base; path = Base.lproj/Main.storyboard; sourceTree = "<group>"; };
		4B67C8032610FF0C00F8A297 /* Assets.xcassets */ = {isa = PBXFileReference; lastKnownFileType = folder.assetcatalog; path = Assets.xcassets; sourceTree = "<group>"; };
		4B67C8062610FF0C00F8A297 /* Base */ = {isa = PBXFileReference; lastKnownFileType = file.storyboard; name = Base; path = Base.lproj/LaunchScreen.storyboard; sourceTree = "<group>"; };
		4B67C8082610FF0C00F8A297 /* Info.plist */ = {isa = PBXFileReference; lastKnownFileType = text.plist.xml; path = Info.plist; sourceTree = "<group>"; };
		4B67C8112611006800F8A297 /* TableViewController.swift */ = {isa = PBXFileReference; lastKnownFileType = sourcecode.swift; path = TableViewController.swift; sourceTree = "<group>"; };
		4B67C8162611019A00F8A297 /* Model.swift */ = {isa = PBXFileReference; lastKnownFileType = sourcecode.swift; path = Model.swift; sourceTree = "<group>"; };
		4B67C819261101AB00F8A297 /* EMPLEADOS.json */ = {isa = PBXFileReference; fileEncoding = 4; lastKnownFileType = text.json; path = EMPLEADOS.json; sourceTree = "<group>"; };
		4B67C81D26110B8900F8A297 /* DetailTableViewController.swift */ = {isa = PBXFileReference; lastKnownFileType = sourcecode.swift; path = DetailTableViewController.swift; sourceTree = "<group>"; };
/* End PBXFileReference section */

/* Begin PBXFrameworksBuildPhase section */
		4B67C7F42610FF0B00F8A297 /* Frameworks */ = {
			isa = PBXFrameworksBuildPhase;
			buildActionMask = 2147483647;
			files = (
			);
			runOnlyForDeploymentPostprocessing = 0;
		};
/* End PBXFrameworksBuildPhase section */

/* Begin PBXGroup section */
		4B67C7EE2610FF0B00F8A297 = {
			isa = PBXGroup;
			children = (
				4B67C7F92610FF0B00F8A297 /* MVCBestPractices */,
				4B67C7F82610FF0B00F8A297 /* Products */,
			);
			sourceTree = "<group>";
		};
		4B67C7F82610FF0B00F8A297 /* Products */ = {
			isa = PBXGroup;
			children = (
				4B67C7F72610FF0B00F8A297 /* MVCBestPractices.app */,
			);
			name = Products;
			sourceTree = "<group>";
		};
		4B67C7F92610FF0B00F8A297 /* MVCBestPractices */ = {
			isa = PBXGroup;
			children = (
				4B67C7FA2610FF0B00F8A297 /* AppDelegate.swift */,
				4B67C7FC2610FF0B00F8A297 /* SceneDelegate.swift */,
				4B67C8112611006800F8A297 /* TableViewController.swift */,
				4B67C81D26110B8900F8A297 /* DetailTableViewController.swift */,
				4B67C8162611019A00F8A297 /* Model.swift */,
				4B67C8002610FF0B00F8A297 /* Main.storyboard */,
				4B67C819261101AB00F8A297 /* EMPLEADOS.json */,
				4B67C8032610FF0C00F8A297 /* Assets.xcassets */,
				4B67C8052610FF0C00F8A297 /* LaunchScreen.storyboard */,
				4B67C8082610FF0C00F8A297 /* Info.plist */,
			);
			path = MVCBestPractices;
			sourceTree = "<group>";
		};
/* End PBXGroup section */

/* Begin PBXNativeTarget section */
		4B67C7F62610FF0B00F8A297 /* MVCBestPractices */ = {
			isa = PBXNativeTarget;
			buildConfigurationList = 4B67C80B2610FF0C00F8A297 /* Build configuration list for PBXNativeTarget "MVCBestPractices" */;
			buildPhases = (
				4B67C7F32610FF0B00F8A297 /* Sources */,
				4B67C7F42610FF0B00F8A297 /* Frameworks */,
				4B67C7F52610FF0B00F8A297 /* Resources */,
			);
			buildRules = (
			);
			dependencies = (
			);
			name = MVCBestPractices;
			productName = MVCBestPractices;
			productReference = 4B67C7F72610FF0B00F8A297 /* MVCBestPractices.app */;
			productType = "com.apple.product-type.application";
		};
/* End PBXNativeTarget section */

/* Begin PBXProject section */
		4B67C7EF2610FF0B00F8A297 /* Project object */ = {
			isa = PBXProject;
			attributes = {
				LastSwiftUpdateCheck = 1240;
				LastUpgradeCheck = 1240;
				TargetAttributes = {
					4B67C7F62610FF0B00F8A297 = {
						CreatedOnToolsVersion = 12.4;
					};
				};
			};
			buildConfigurationList = 4B67C7F22610FF0B00F8A297 /* Build configuration list for PBXProject "MVCBestPractices" */;
			compatibilityVersion = "Xcode 9.3";
			developmentRegion = en;
			hasScannedForEncodings = 0;
			knownRegions = (
				en,
				Base,
			);
			mainGroup = 4B67C7EE2610FF0B00F8A297;
			productRefGroup = 4B67C7F82610FF0B00F8A297 /* Products */;
			projectDirPath = "";
			projectRoot = "";
			targets = (
				4B67C7F62610FF0B00F8A297 /* MVCBestPractices */,
			);
		};
/* End PBXProject section */

/* Begin PBXResourcesBuildPhase section */
		4B67C7F52610FF0B00F8A297 /* Resources */ = {
			isa = PBXResourcesBuildPhase;
			buildActionMask = 2147483647;
			files = (
				4B67C81A261101AB00F8A297 /* EMPLEADOS.json in Resources */,
				4B67C8072610FF0C00F8A297 /* LaunchScreen.storyboard in Resources */,
				4B67C8042610FF0C00F8A297 /* Assets.xcassets in Resources */,
				4B67C8022610FF0B00F8A297 /* Main.storyboard in Resources */,
			);
			runOnlyForDeploymentPostprocessing = 0;
		};
/* End PBXResourcesBuildPhase section */

/* Begin PBXSourcesBuildPhase section */
		4B67C7F32610FF0B00F8A297 /* Sources */ = {
			isa = PBXSourcesBuildPhase;
			buildActionMask = 2147483647;
			files = (
				4B67C7FB2610FF0B00F8A297 /* AppDelegate.swift in Sources */,
				4B67C81E26110B8900F8A297 /* DetailTableViewController.swift in Sources */,
				4B67C8122611006800F8A297 /* TableViewController.swift in Sources */,
				4B67C7FD2610FF0B00F8A297 /* SceneDelegate.swift in Sources */,
				4B67C8172611019A00F8A297 /* Model.swift in Sources */,
			);
			runOnlyForDeploymentPostprocessing = 0;
		};
/* End PBXSourcesBuildPhase section */

/* Begin PBXVariantGroup section */
		4B67C8002610FF0B00F8A297 /* Main.storyboard */ = {
			isa = PBXVariantGroup;
			children = (
				4B67C8012610FF0B00F8A297 /* Base */,
			);
			name = Main.storyboard;
			sourceTree = "<group>";
		};
		4B67C8052610FF0C00F8A297 /* LaunchScreen.storyboard */ = {
			isa = PBXVariantGroup;
			children = (
				4B67C8062610FF0C00F8A297 /* Base */,
			);
			name = LaunchScreen.storyboard;
			sourceTree = "<group>";
		};
/* End PBXVariantGroup section */

/* Begin XCBuildConfiguration section */
		4B67C8092610FF0C00F8A297 /* Debug */ = {
			isa = XCBuildConfiguration;
			buildSettings = {
				ALWAYS_SEARCH_USER_PATHS = NO;
				CLANG_ANALYZER_NONNULL = YES;
				CLANG_ANALYZER_NUMBER_OBJECT_CONVERSION = YES_AGGRESSIVE;
				CLANG_CXX_LANGUAGE_STANDARD = "gnu++14";
				CLANG_CXX_LIBRARY = "libc++";
				CLANG_ENABLE_MODULES = YES;
				CLANG_ENABLE_OBJC_ARC = YES;
				CLANG_ENABLE_OBJC_WEAK = YES;
				CLANG_WARN_BLOCK_CAPTURE_AUTORELEASING = YES;
				CLANG_WARN_BOOL_CONVERSION = YES;
				CLANG_WARN_COMMA = YES;
				CLANG_WARN_CONSTANT_CONVERSION = YES;
				CLANG_WARN_DEPRECATED_OBJC_IMPLEMENTATIONS = YES;
				CLANG_WARN_DIRECT_OBJC_ISA_USAGE = YES_ERROR;
				CLANG_WARN_DOCUMENTATION_COMMENTS = YES;
				CLANG_WARN_EMPTY_BODY = YES;
				CLANG_WARN_ENUM_CONVERSION = YES;
				CLANG_WARN_INFINITE_RECURSION = YES;
				CLANG_WARN_INT_CONVERSION = YES;
				CLANG_WARN_NON_LITERAL_NULL_CONVERSION = YES;
				CLANG_WARN_OBJC_IMPLICIT_RETAIN_SELF = YES;
				CLANG_WARN_OBJC_LITERAL_CONVERSION = YES;
				CLANG_WARN_OBJC_ROOT_CLASS = YES_ERROR;
				CLANG_WARN_QUOTED_INCLUDE_IN_FRAMEWORK_HEADER = YES;
				CLANG_WARN_RANGE_LOOP_ANALYSIS = YES;
				CLANG_WARN_STRICT_PROTOTYPES = YES;
				CLANG_WARN_SUSPICIOUS_MOVE = YES;
				CLANG_WARN_UNGUARDED_AVAILABILITY = YES_AGGRESSIVE;
				CLANG_WARN_UNREACHABLE_CODE = YES;
				CLANG_WARN__DUPLICATE_METHOD_MATCH = YES;
				COPY_PHASE_STRIP = NO;
				DEBUG_INFORMATION_FORMAT = dwarf;
				ENABLE_STRICT_OBJC_MSGSEND = YES;
				ENABLE_TESTABILITY = YES;
				GCC_C_LANGUAGE_STANDARD = gnu11;
				GCC_DYNAMIC_NO_PIC = NO;
				GCC_NO_COMMON_BLOCKS = YES;
				GCC_OPTIMIZATION_LEVEL = 0;
				GCC_PREPROCESSOR_DEFINITIONS = (
					"DEBUG=1",
					"$(inherited)",
				);
				GCC_WARN_64_TO_32_BIT_CONVERSION = YES;
				GCC_WARN_ABOUT_RETURN_TYPE = YES_ERROR;
				GCC_WARN_UNDECLARED_SELECTOR = YES;
				GCC_WARN_UNINITIALIZED_AUTOS = YES_AGGRESSIVE;
				GCC_WARN_UNUSED_FUNCTION = YES;
				GCC_WARN_UNUSED_VARIABLE = YES;
				IPHONEOS_DEPLOYMENT_TARGET = 14.4;
				MTL_ENABLE_DEBUG_INFO = INCLUDE_SOURCE;
				MTL_FAST_MATH = YES;
				ONLY_ACTIVE_ARCH = YES;
				SDKROOT = iphoneos;
				SWIFT_ACTIVE_COMPILATION_CONDITIONS = DEBUG;
				SWIFT_OPTIMIZATION_LEVEL = "-Onone";
			};
			name = Debug;
		};
		4B67C80A2610FF0C00F8A297 /* Release */ = {
			isa = XCBuildConfiguration;
			buildSettings = {
				ALWAYS_SEARCH_USER_PATHS = NO;
				CLANG_ANALYZER_NONNULL = YES;
				CLANG_ANALYZER_NUMBER_OBJECT_CONVERSION = YES_AGGRESSIVE;
				CLANG_CXX_LANGUAGE_STANDARD = "gnu++14";
				CLANG_CXX_LIBRARY = "libc++";
				CLANG_ENABLE_MODULES = YES;
				CLANG_ENABLE_OBJC_ARC = YES;
				CLANG_ENABLE_OBJC_WEAK = YES;
				CLANG_WARN_BLOCK_CAPTURE_AUTORELEASING = YES;
				CLANG_WARN_BOOL_CONVERSION = YES;
				CLANG_WARN_COMMA = YES;
				CLANG_WARN_CONSTANT_CONVERSION = YES;
				CLANG_WARN_DEPRECATED_OBJC_IMPLEMENTATIONS = YES;
				CLANG_WARN_DIRECT_OBJC_ISA_USAGE = YES_ERROR;
				CLANG_WARN_DOCUMENTATION_COMMENTS = YES;
				CLANG_WARN_EMPTY_BODY = YES;
				CLANG_WARN_ENUM_CONVERSION = YES;
				CLANG_WARN_INFINITE_RECURSION = YES;
				CLANG_WARN_INT_CONVERSION = YES;
				CLANG_WARN_NON_LITERAL_NULL_CONVERSION = YES;
				CLANG_WARN_OBJC_IMPLICIT_RETAIN_SELF = YES;
				CLANG_WARN_OBJC_LITERAL_CONVERSION = YES;
				CLANG_WARN_OBJC_ROOT_CLASS = YES_ERROR;
				CLANG_WARN_QUOTED_INCLUDE_IN_FRAMEWORK_HEADER = YES;
				CLANG_WARN_RANGE_LOOP_ANALYSIS = YES;
				CLANG_WARN_STRICT_PROTOTYPES = YES;
				CLANG_WARN_SUSPICIOUS_MOVE = YES;
				CLANG_WARN_UNGUARDED_AVAILABILITY = YES_AGGRESSIVE;
				CLANG_WARN_UNREACHABLE_CODE = YES;
				CLANG_WARN__DUPLICATE_METHOD_MATCH = YES;
				COPY_PHASE_STRIP = NO;
				DEBUG_INFORMATION_FORMAT = "dwarf-with-dsym";
				ENABLE_NS_ASSERTIONS = NO;
				ENABLE_STRICT_OBJC_MSGSEND = YES;
				GCC_C_LANGUAGE_STANDARD = gnu11;
				GCC_NO_COMMON_BLOCKS = YES;
				GCC_WARN_64_TO_32_BIT_CONVERSION = YES;
				GCC_WARN_ABOUT_RETURN_TYPE = YES_ERROR;
				GCC_WARN_UNDECLARED_SELECTOR = YES;
				GCC_WARN_UNINITIALIZED_AUTOS = YES_AGGRESSIVE;
				GCC_WARN_UNUSED_FUNCTION = YES;
				GCC_WARN_UNUSED_VARIABLE = YES;
				IPHONEOS_DEPLOYMENT_TARGET = 14.4;
				MTL_ENABLE_DEBUG_INFO = NO;
				MTL_FAST_MATH = YES;
				SDKROOT = iphoneos;
				SWIFT_COMPILATION_MODE = wholemodule;
				SWIFT_OPTIMIZATION_LEVEL = "-O";
				VALIDATE_PRODUCT = YES;
			};
			name = Release;
		};
		4B67C80C2610FF0C00F8A297 /* Debug */ = {
			isa = XCBuildConfiguration;
			buildSettings = {
				ASSETCATALOG_COMPILER_APPICON_NAME = AppIcon;
				ASSETCATALOG_COMPILER_GLOBAL_ACCENT_COLOR_NAME = AccentColor;
				CODE_SIGN_STYLE = Automatic;
				DEVELOPMENT_TEAM = 576T2M2BDH;
				INFOPLIST_FILE = MVCBestPractices/Info.plist;
				IPHONEOS_DEPLOYMENT_TARGET = 14.1;
				LD_RUNPATH_SEARCH_PATHS = (
					"$(inherited)",
					"@executable_path/Frameworks",
				);
				PRODUCT_BUNDLE_IDENTIFIER = com.gabhelstudios.MVCBestPractices;
				PRODUCT_NAME = "$(TARGET_NAME)";
				SWIFT_VERSION = 5.0;
				TARGETED_DEVICE_FAMILY = "1,2";
			};
			name = Debug;
		};
		4B67C80D2610FF0C00F8A297 /* Release */ = {
			isa = XCBuildConfiguration;
			buildSettings = {
				ASSETCATALOG_COMPILER_APPICON_NAME = AppIcon;
				ASSETCATALOG_COMPILER_GLOBAL_ACCENT_COLOR_NAME = AccentColor;
				CODE_SIGN_STYLE = Automatic;
				DEVELOPMENT_TEAM = 576T2M2BDH;
				INFOPLIST_FILE = MVCBestPractices/Info.plist;
				IPHONEOS_DEPLOYMENT_TARGET = 14.1;
				LD_RUNPATH_SEARCH_PATHS = (
					"$(inherited)",
					"@executable_path/Frameworks",
				);
				PRODUCT_BUNDLE_IDENTIFIER = com.gabhelstudios.MVCBestPractices;
				PRODUCT_NAME = "$(TARGET_NAME)";
				SWIFT_VERSION = 5.0;
				TARGETED_DEVICE_FAMILY = "1,2";
			};
			name = Release;
		};
/* End XCBuildConfiguration section */

/* Begin XCConfigurationList section */
		4B67C7F22610FF0B00F8A297 /* Build configuration list for PBXProject "MVCBestPractices" */ = {
			isa = XCConfigurationList;
			buildConfigurations = (
				4B67C8092610FF0C00F8A297 /* Debug */,
				4B67C80A2610FF0C00F8A297 /* Release */,
			);
			defaultConfigurationIsVisible = 0;
			defaultConfigurationName = Release;
		};
		4B67C80B2610FF0C00F8A297 /* Build configuration list for PBXNativeTarget "MVCBestPractices" */ = {
			isa = XCConfigurationList;
			buildConfigurations = (
				4B67C80C2610FF0C00F8A297 /* Debug */,
				4B67C80D2610FF0C00F8A297 /* Release */,
			);
			defaultConfigurationIsVisible = 0;
			defaultConfigurationName = Release;
		};
/* End XCConfigurationList section */
	};
	rootObject = 4B67C7EF2610FF0B00F8A297 /* Project object */;
}
